
Microsoft Visual Studio Solution File, Format Version 12.00
# Visual Studio Version 17
VisualStudioVersion = 17.14.36401.2 d17.14
MinimumVisualStudioVersion = 10.0.40219.1
Project("{FAE04EC0-301F-11D3-BF4B-00C04F79EFBC}") = "Day02Lab_231230949_22_08_2025", "Day02Lab_231230949_22_08_2025\Day02Lab_231230949_22_08_2025.csproj", "{B38DB186-BF07-4960-A497-117233730D84}"
EndProject
Global
	GlobalSection(SolutionConfigurationPlatforms) = preSolution
		Debug|Any CPU = Debug|Any CPU
		Release|Any CPU = Release|Any CPU
	EndGlobalSection
	GlobalSection(ProjectConfigurationPlatforms) = postSolution
		{B38DB186-BF07-4960-A497-117233730D84}.Debug|Any CPU.ActiveCfg = Debug|Any CPU
		{B38DB186-BF07-4960-A497-117233730D84}.Debug|Any CPU.Build.0 = Debug|Any CPU
		{B38DB186-BF07-4960-A497-117233730D84}.Release|Any CPU.ActiveCfg = Release|Any CPU
		{B38DB186-BF07-4960-A497-117233730D84}.Release|Any CPU.Build.0 = Release|Any CPU
	EndGlobalSection
	GlobalSection(SolutionProperties) = preSolution
		HideSolutionNode = FALSE
	EndGlobalSection
	GlobalSection(ExtensibilityGlobals) = postSolution
		SolutionGuid = {61FF7DD3-747C-4781-A704-E423FB7022A7}
	EndGlobalSection
EndGlobal
