
Microsoft Visual Studio Solution File, Format Version 12.00
# Visual Studio Version 17
VisualStudioVersion = 17.14.36518.9 d17.14
MinimumVisualStudioVersion = 10.0.40219.1
Project("{FAE04EC0-301F-11D3-BF4B-00C04F79EFBC}") = "Day08Lab1", "Day08Lab1\Day08Lab1.csproj", "{733B2D3D-2722-4E63-A060-DFDDEB8A5DC0}"
EndProject
Global
	GlobalSection(SolutionConfigurationPlatforms) = preSolution
		Debug|Any CPU = Debug|Any CPU
		Release|Any CPU = Release|Any CPU
	EndGlobalSection
	GlobalSection(ProjectConfigurationPlatforms) = postSolution
		{733B2D3D-2722-4E63-A060-DFDDEB8A5DC0}.Debug|Any CPU.ActiveCfg = Debug|Any CPU
		{733B2D3D-2722-4E63-A060-DFDDEB8A5DC0}.Debug|Any CPU.Build.0 = Debug|Any CPU
		{733B2D3D-2722-4E63-A060-DFDDEB8A5DC0}.Release|Any CPU.ActiveCfg = Release|Any CPU
		{733B2D3D-2722-4E63-A060-DFDDEB8A5DC0}.Release|Any CPU.Build.0 = Release|Any CPU
	EndGlobalSection
	GlobalSection(SolutionProperties) = preSolution
		HideSolutionNode = FALSE
	EndGlobalSection
	GlobalSection(ExtensibilityGlobals) = postSolution
		SolutionGuid = {1C9EC38C-F1B2-48AB-A1EE-57207AF40342}
	EndGlobalSection
EndGlobal
